
Microsoft Visual Studio Solution File, Format Version 12.00
Project("{FAE04EC0-301F-11D3-BF4B-00C04F79EFBC}") = "SpraySaver", "SpraySaver.csproj", "{C36C45F0-0585-43B5-9F40-912DA4150A09}"
EndProject
Global
	GlobalSection(SolutionConfigurationPlatforms) = preSolution
		Debug|Any CPU = Debug|Any CPU
		Release|Any CPU = Release|Any CPU
	EndGlobalSection
	GlobalSection(ProjectConfigurationPlatforms) = postSolution
		{C36C45F0-0585-43B5-9F40-912DA4150A09}.Debug|Any CPU.ActiveCfg = Debug|Any CPU
		{C36C45F0-0585-43B5-9F40-912DA4150A09}.Debug|Any CPU.Build.0 = Debug|Any CPU
		{C36C45F0-0585-43B5-9F40-912DA4150A09}.Release|Any CPU.ActiveCfg = Release|Any CPU
		{C36C45F0-0585-43B5-9F40-912DA4150A09}.Release|Any CPU.Build.0 = Release|Any CPU
	EndGlobalSection
EndGlobal
